
Microsoft Visual Studio Solution File, Format Version 11.00
# Visual Studio 2010
Project("{FAE04EC0-301F-11D3-BF4B-00C04F79EFBC}") = "Radiation Logger", "Radiation Logger\Radiation Logger.csproj", "{950C3DED-69FD-4472-A0F8-3E62DC48F834}"
EndProject
Project("{54435603-DBB4-11D2-8724-00A0C9A8B90C}") = "Radiation Logger Setup", "Radiation Logger Setup\Radiation Logger Setup.vdproj", "{3FF11EFB-353D-4D2E-88CB-088BD6512F5C}"
EndProject
Global
	GlobalSection(SolutionConfigurationPlatforms) = preSolution
		Debug|x86 = Debug|x86
		Release|x86 = Release|x86
	EndGlobalSection
	GlobalSection(ProjectConfigurationPlatforms) = postSolution
		{950C3DED-69FD-4472-A0F8-3E62DC48F834}.Debug|x86.ActiveCfg = Debug|x86
		{950C3DED-69FD-4472-A0F8-3E62DC48F834}.Debug|x86.Build.0 = Debug|x86
		{950C3DED-69FD-4472-A0F8-3E62DC48F834}.Release|x86.ActiveCfg = Release|x86
		{950C3DED-69FD-4472-A0F8-3E62DC48F834}.Release|x86.Build.0 = Release|x86
		{3FF11EFB-353D-4D2E-88CB-088BD6512F5C}.Debug|x86.ActiveCfg = Debug
		{3FF11EFB-353D-4D2E-88CB-088BD6512F5C}.Release|x86.ActiveCfg = Release
		{3FF11EFB-353D-4D2E-88CB-088BD6512F5C}.Release|x86.Build.0 = Release
	EndGlobalSection
	GlobalSection(SolutionProperties) = preSolution
		HideSolutionNode = FALSE
	EndGlobalSection
EndGlobal
